{
  "name": "motor_pwm",
  "version": "1.0.0",
  "lockfileVersion": 1,
  "requires": true,
  "dependencies": {
    "nan": {
      "version": "2.10.0",
      "resolved": "https://registry.npmjs.org/nan/-/nan-2.10.0.tgz",
      "integrity": "sha512-bAdJv7fBLhWC+/Bls0Oza+mvTaNQtP+1RyhhhvD95pgUJz6XM5IzgmxOkItJ9tkoCiplvAnXI1tNmmUD/eScyA=="
    },
    "raspi": {
      "version": "3.0.5",
      "resolved": "https://registry.npmjs.org/raspi/-/raspi-3.0.5.tgz",
      "integrity": "sha1-DMnlsgcjklb/gsIhvUfB/xHPbJs=",
      "requires": {
        "nan": "2.10.0"
      }
    },
    "raspi-board": {
      "version": "4.2.0",
      "resolved": "https://registry.npmjs.org/raspi-board/-/raspi-board-4.2.0.tgz",
      "integrity": "sha1-AtZ4Oov3lP1rBmJQEuTDgeljIKE="
    },
    "raspi-peripheral": {
      "version": "1.6.4",
      "resolved": "https://registry.npmjs.org/raspi-peripheral/-/raspi-peripheral-1.6.4.tgz",
      "integrity": "sha1-6BQgKX7L+8whp8ShNxQ+KT4GNc0=",
      "requires": {
        "raspi-board": "4.2.0"
      }
    },
    "raspi-pwm": {
      "version": "3.1.3",
      "resolved": "https://registry.npmjs.org/raspi-pwm/-/raspi-pwm-3.1.3.tgz",
      "integrity": "sha1-SQh8YaFkF9AW+WvQPrgIWj1O9gs=",
      "requires": {
        "nan": "2.10.0",
        "raspi-peripheral": "1.6.4"
      }
    }
  }
}
